
Microsoft Visual Studio Solution File, Format Version 12.00
# Visual Studio Version 17
VisualStudioVersion = 17.9.34622.214
MinimumVisualStudioVersion = 10.0.40219.1
Project("{FAE04EC0-301F-11D3-BF4B-00C04F79EFBC}") = "1.2", "1.2.csproj", "{387DA0C4-EA7F-444B-81CE-B4321A336DE4}"
EndProject
Global
	GlobalSection(SolutionConfigurationPlatforms) = preSolution
		Debug|Any CPU = Debug|Any CPU
		Release|Any CPU = Release|Any CPU
	EndGlobalSection
	GlobalSection(ProjectConfigurationPlatforms) = postSolution
		{387DA0C4-EA7F-444B-81CE-B4321A336DE4}.Debug|Any CPU.ActiveCfg = Debug|Any CPU
		{387DA0C4-EA7F-444B-81CE-B4321A336DE4}.Debug|Any CPU.Build.0 = Debug|Any CPU
		{387DA0C4-EA7F-444B-81CE-B4321A336DE4}.Release|Any CPU.ActiveCfg = Release|Any CPU
		{387DA0C4-EA7F-444B-81CE-B4321A336DE4}.Release|Any CPU.Build.0 = Release|Any CPU
	EndGlobalSection
	GlobalSection(SolutionProperties) = preSolution
		HideSolutionNode = FALSE
	EndGlobalSection
	GlobalSection(ExtensibilityGlobals) = postSolution
		SolutionGuid = {961B2CAF-39C7-4785-9BC4-E1A1CB8480F4}
	EndGlobalSection
EndGlobal
